
Microsoft Visual Studio Solution File, Format Version 12.00
# Visual Studio Version 17
VisualStudioVersion = 17.2.32616.157
MinimumVisualStudioVersion = 10.0.40219.1
Project("{2150E333-8FDC-42A3-9474-1A3956D46DE8}") = "Src", "Src", "{10A7D0F6-4480-4419-AFBC-AF02A18D9E43}"
EndProject
Project("{2150E333-8FDC-42A3-9474-1A3956D46DE8}") = "Test", "Test", "{846A20F1-C90F-4FF9-A81D-D09544B0B0C4}"
EndProject
Project("{2150E333-8FDC-42A3-9474-1A3956D46DE8}") = "Core", "Core", "{F65F64C9-6D91-4F2E-9413-8984FD38E5CA}"
EndProject
Project("{9A19103F-16F7-4668-BE54-9A1E7A4F7556}") = "T.Domain", "T.Domain\T.Domain.csproj", "{70801691-243C-4150-B293-F178D08D216A}"
EndProject
Project("{9A19103F-16F7-4668-BE54-9A1E7A4F7556}") = "T.Application", "T.Application\T.Application.csproj", "{D99CAB99-9ADC-4C1A-A098-CFAC2BC9CD1B}"
EndProject
Project("{2150E333-8FDC-42A3-9474-1A3956D46DE8}") = "Infrastructure", "Infrastructure", "{42097D00-934D-4249-9EB3-35B5B298158C}"
EndProject
Project("{9A19103F-16F7-4668-BE54-9A1E7A4F7556}") = "T.Infrastructure", "T.Infrastructure\T.Infrastructure.csproj", "{639B280D-21A4-4D0A-943B-E9046EF68590}"
EndProject
Project("{9A19103F-16F7-4668-BE54-9A1E7A4F7556}") = "T.Persistence", "T.Persistence\T.Persistence.csproj", "{0E9D7978-29A1-4CE9-960F-9566151555BA}"
EndProject
Project("{2150E333-8FDC-42A3-9474-1A3956D46DE8}") = "Presentation", "Presentation", "{802FE1B5-728D-494D-BBA2-2BFF497FAF46}"
EndProject
Project("{9A19103F-16F7-4668-BE54-9A1E7A4F7556}") = "T.Website.Endpoint", "T.Website.Endpoint\T.Website.Endpoint.csproj", "{2900937F-CC28-4D8D-BBF7-C35BF1BA40C5}"
EndProject
Project("{9A19103F-16F7-4668-BE54-9A1E7A4F7556}") = "T.Admin.Endpoint", "T.Admin.Endpoint\T.Admin.Endpoint.csproj", "{ACAC893F-CA2D-457E-85EC-8B30F010E06B}"
EndProject
Project("{2150E333-8FDC-42A3-9474-1A3956D46DE8}") = "Common", "Common", "{134C926F-131E-4E01-9062-BD0C09BFE236}"
EndProject
Project("{9A19103F-16F7-4668-BE54-9A1E7A4F7556}") = "T.Common", "T.Common\T.Common.csproj", "{F330E659-55C0-464E-A1A8-7710E0B99039}"
EndProject
Project("{FAE04EC0-301F-11D3-BF4B-00C04F79EFBC}") = "T.StaticFiles.Endpoint", "T.StaticFiles.Endpoint\T.StaticFiles.Endpoint.csproj", "{BCD27BDD-907F-48FC-849C-6A457B41410A}"
EndProject
Global
	GlobalSection(SolutionConfigurationPlatforms) = preSolution
		Debug|Any CPU = Debug|Any CPU
		Release|Any CPU = Release|Any CPU
	EndGlobalSection
	GlobalSection(ProjectConfigurationPlatforms) = postSolution
		{70801691-243C-4150-B293-F178D08D216A}.Debug|Any CPU.ActiveCfg = Debug|Any CPU
		{70801691-243C-4150-B293-F178D08D216A}.Debug|Any CPU.Build.0 = Debug|Any CPU
		{70801691-243C-4150-B293-F178D08D216A}.Release|Any CPU.ActiveCfg = Release|Any CPU
		{70801691-243C-4150-B293-F178D08D216A}.Release|Any CPU.Build.0 = Release|Any CPU
		{D99CAB99-9ADC-4C1A-A098-CFAC2BC9CD1B}.Debug|Any CPU.ActiveCfg = Debug|Any CPU
		{D99CAB99-9ADC-4C1A-A098-CFAC2BC9CD1B}.Debug|Any CPU.Build.0 = Debug|Any CPU
		{D99CAB99-9ADC-4C1A-A098-CFAC2BC9CD1B}.Release|Any CPU.ActiveCfg = Release|Any CPU
		{D99CAB99-9ADC-4C1A-A098-CFAC2BC9CD1B}.Release|Any CPU.Build.0 = Release|Any CPU
		{639B280D-21A4-4D0A-943B-E9046EF68590}.Debug|Any CPU.ActiveCfg = Debug|Any CPU
		{639B280D-21A4-4D0A-943B-E9046EF68590}.Debug|Any CPU.Build.0 = Debug|Any CPU
		{639B280D-21A4-4D0A-943B-E9046EF68590}.Release|Any CPU.ActiveCfg = Release|Any CPU
		{639B280D-21A4-4D0A-943B-E9046EF68590}.Release|Any CPU.Build.0 = Release|Any CPU
		{0E9D7978-29A1-4CE9-960F-9566151555BA}.Debug|Any CPU.ActiveCfg = Debug|Any CPU
		{0E9D7978-29A1-4CE9-960F-9566151555BA}.Debug|Any CPU.Build.0 = Debug|Any CPU
		{0E9D7978-29A1-4CE9-960F-9566151555BA}.Release|Any CPU.ActiveCfg = Release|Any CPU
		{0E9D7978-29A1-4CE9-960F-9566151555BA}.Release|Any CPU.Build.0 = Release|Any CPU
		{2900937F-CC28-4D8D-BBF7-C35BF1BA40C5}.Debug|Any CPU.ActiveCfg = Debug|Any CPU
		{2900937F-CC28-4D8D-BBF7-C35BF1BA40C5}.Debug|Any CPU.Build.0 = Debug|Any CPU
		{2900937F-CC28-4D8D-BBF7-C35BF1BA40C5}.Release|Any CPU.ActiveCfg = Release|Any CPU
		{2900937F-CC28-4D8D-BBF7-C35BF1BA40C5}.Release|Any CPU.Build.0 = Release|Any CPU
		{ACAC893F-CA2D-457E-85EC-8B30F010E06B}.Debug|Any CPU.ActiveCfg = Debug|Any CPU
		{ACAC893F-CA2D-457E-85EC-8B30F010E06B}.Debug|Any CPU.Build.0 = Debug|Any CPU
		{ACAC893F-CA2D-457E-85EC-8B30F010E06B}.Release|Any CPU.ActiveCfg = Release|Any CPU
		{ACAC893F-CA2D-457E-85EC-8B30F010E06B}.Release|Any CPU.Build.0 = Release|Any CPU
		{F330E659-55C0-464E-A1A8-7710E0B99039}.Debug|Any CPU.ActiveCfg = Debug|Any CPU
		{F330E659-55C0-464E-A1A8-7710E0B99039}.Debug|Any CPU.Build.0 = Debug|Any CPU
		{F330E659-55C0-464E-A1A8-7710E0B99039}.Release|Any CPU.ActiveCfg = Release|Any CPU
		{F330E659-55C0-464E-A1A8-7710E0B99039}.Release|Any CPU.Build.0 = Release|Any CPU
		{BCD27BDD-907F-48FC-849C-6A457B41410A}.Debug|Any CPU.ActiveCfg = Debug|Any CPU
		{BCD27BDD-907F-48FC-849C-6A457B41410A}.Debug|Any CPU.Build.0 = Debug|Any CPU
		{BCD27BDD-907F-48FC-849C-6A457B41410A}.Release|Any CPU.ActiveCfg = Release|Any CPU
		{BCD27BDD-907F-48FC-849C-6A457B41410A}.Release|Any CPU.Build.0 = Release|Any CPU
	EndGlobalSection
	GlobalSection(SolutionProperties) = preSolution
		HideSolutionNode = FALSE
	EndGlobalSection
	GlobalSection(NestedProjects) = preSolution
		{F65F64C9-6D91-4F2E-9413-8984FD38E5CA} = {10A7D0F6-4480-4419-AFBC-AF02A18D9E43}
		{70801691-243C-4150-B293-F178D08D216A} = {F65F64C9-6D91-4F2E-9413-8984FD38E5CA}
		{D99CAB99-9ADC-4C1A-A098-CFAC2BC9CD1B} = {F65F64C9-6D91-4F2E-9413-8984FD38E5CA}
		{42097D00-934D-4249-9EB3-35B5B298158C} = {10A7D0F6-4480-4419-AFBC-AF02A18D9E43}
		{639B280D-21A4-4D0A-943B-E9046EF68590} = {42097D00-934D-4249-9EB3-35B5B298158C}
		{0E9D7978-29A1-4CE9-960F-9566151555BA} = {42097D00-934D-4249-9EB3-35B5B298158C}
		{802FE1B5-728D-494D-BBA2-2BFF497FAF46} = {10A7D0F6-4480-4419-AFBC-AF02A18D9E43}
		{2900937F-CC28-4D8D-BBF7-C35BF1BA40C5} = {802FE1B5-728D-494D-BBA2-2BFF497FAF46}
		{ACAC893F-CA2D-457E-85EC-8B30F010E06B} = {802FE1B5-728D-494D-BBA2-2BFF497FAF46}
		{134C926F-131E-4E01-9062-BD0C09BFE236} = {10A7D0F6-4480-4419-AFBC-AF02A18D9E43}
		{F330E659-55C0-464E-A1A8-7710E0B99039} = {134C926F-131E-4E01-9062-BD0C09BFE236}
		{BCD27BDD-907F-48FC-849C-6A457B41410A} = {802FE1B5-728D-494D-BBA2-2BFF497FAF46}
	EndGlobalSection
	GlobalSection(ExtensibilityGlobals) = postSolution
		SolutionGuid = {66A99EA7-C877-4A0D-8908-BAD819203637}
	EndGlobalSection
EndGlobal
